
Microsoft Visual Studio Solution File, Format Version 12.00
# Visual Studio Version 17
VisualStudioVersion = 17.14.36327.8 d17.14
MinimumVisualStudioVersion = 10.0.40219.1
Project("{FAE04EC0-301F-11D3-BF4B-00C04F79EFBC}") = "WorkingWithCollections", "WorkingWithCollections\WorkingWithCollections.csproj", "{46BD6333-6604-4C2D-A109-CD94247BC8EF}"
EndProject
Global
	GlobalSection(SolutionConfigurationPlatforms) = preSolution
		Debug|Any CPU = Debug|Any CPU
		Release|Any CPU = Release|Any CPU
	EndGlobalSection
	GlobalSection(ProjectConfigurationPlatforms) = postSolution
		{46BD6333-6604-4C2D-A109-CD94247BC8EF}.Debug|Any CPU.ActiveCfg = Debug|Any CPU
		{46BD6333-6604-4C2D-A109-CD94247BC8EF}.Debug|Any CPU.Build.0 = Debug|Any CPU
		{46BD6333-6604-4C2D-A109-CD94247BC8EF}.Release|Any CPU.ActiveCfg = Release|Any CPU
		{46BD6333-6604-4C2D-A109-CD94247BC8EF}.Release|Any CPU.Build.0 = Release|Any CPU
	EndGlobalSection
	GlobalSection(SolutionProperties) = preSolution
		HideSolutionNode = FALSE
	EndGlobalSection
	GlobalSection(ExtensibilityGlobals) = postSolution
		SolutionGuid = {34E28DFB-BEAC-4B54-B11C-040C9428BF3F}
	EndGlobalSection
EndGlobal
