
Microsoft Visual Studio Solution File, Format Version 12.00
# Visual Studio Version 17
VisualStudioVersion = 17.14.36327.8 d17.14
MinimumVisualStudioVersion = 10.0.40219.1
Project("{FAE04EC0-301F-11D3-BF4B-00C04F79EFBC}") = "MyClient", "MyClient\MyClient.csproj", "{FC19C01E-695A-48C2-B0F9-A360F7CEAB91}"
EndProject
Global
	GlobalSection(SolutionConfigurationPlatforms) = preSolution
		Debug|Any CPU = Debug|Any CPU
		Release|Any CPU = Release|Any CPU
	EndGlobalSection
	GlobalSection(ProjectConfigurationPlatforms) = postSolution
		{FC19C01E-695A-48C2-B0F9-A360F7CEAB91}.Debug|Any CPU.ActiveCfg = Debug|Any CPU
		{FC19C01E-695A-48C2-B0F9-A360F7CEAB91}.Debug|Any CPU.Build.0 = Debug|Any CPU
		{FC19C01E-695A-48C2-B0F9-A360F7CEAB91}.Release|Any CPU.ActiveCfg = Release|Any CPU
		{FC19C01E-695A-48C2-B0F9-A360F7CEAB91}.Release|Any CPU.Build.0 = Release|Any CPU
	EndGlobalSection
	GlobalSection(SolutionProperties) = preSolution
		HideSolutionNode = FALSE
	EndGlobalSection
	GlobalSection(ExtensibilityGlobals) = postSolution
		SolutionGuid = {25EF5527-ADB8-4EF7-93C5-C539D9510C9D}
	EndGlobalSection
EndGlobal
