
Microsoft Visual Studio Solution File, Format Version 12.00
# Visual Studio Version 17
VisualStudioVersion = 17.14.36327.8 d17.14
MinimumVisualStudioVersion = 10.0.40219.1
Project("{FAE04EC0-301F-11D3-BF4B-00C04F79EFBC}") = "HelperMethods", "HelperMethods\HelperMethods.csproj", "{D42EF0C6-1844-4FF8-9624-D80D0AB8C7EC}"
EndProject
Global
	GlobalSection(SolutionConfigurationPlatforms) = preSolution
		Debug|Any CPU = Debug|Any CPU
		Release|Any CPU = Release|Any CPU
	EndGlobalSection
	GlobalSection(ProjectConfigurationPlatforms) = postSolution
		{D42EF0C6-1844-4FF8-9624-D80D0AB8C7EC}.Debug|Any CPU.ActiveCfg = Debug|Any CPU
		{D42EF0C6-1844-4FF8-9624-D80D0AB8C7EC}.Debug|Any CPU.Build.0 = Debug|Any CPU
		{D42EF0C6-1844-4FF8-9624-D80D0AB8C7EC}.Release|Any CPU.ActiveCfg = Release|Any CPU
		{D42EF0C6-1844-4FF8-9624-D80D0AB8C7EC}.Release|Any CPU.Build.0 = Release|Any CPU
	EndGlobalSection
	GlobalSection(SolutionProperties) = preSolution
		HideSolutionNode = FALSE
	EndGlobalSection
	GlobalSection(ExtensibilityGlobals) = postSolution
		SolutionGuid = {BF52773B-11EE-4C15-AFCD-2EA226C0EAEA}
	EndGlobalSection
EndGlobal
