
Microsoft Visual Studio Solution File, Format Version 12.00
# Visual Studio Version 17
VisualStudioVersion = 17.14.36327.8 d17.14
MinimumVisualStudioVersion = 10.0.40219.1
Project("{FAE04EC0-301F-11D3-BF4B-00C04F79EFBC}") = "WorkingWithStrings", "WorkingWithStrings\WorkingWithStrings.csproj", "{9132234C-F0A0-4C34-9F62-4E1C935D7064}"
EndProject
Global
	GlobalSection(SolutionConfigurationPlatforms) = preSolution
		Debug|Any CPU = Debug|Any CPU
		Release|Any CPU = Release|Any CPU
	EndGlobalSection
	GlobalSection(ProjectConfigurationPlatforms) = postSolution
		{9132234C-F0A0-4C34-9F62-4E1C935D7064}.Debug|Any CPU.ActiveCfg = Debug|Any CPU
		{9132234C-F0A0-4C34-9F62-4E1C935D7064}.Debug|Any CPU.Build.0 = Debug|Any CPU
		{9132234C-F0A0-4C34-9F62-4E1C935D7064}.Release|Any CPU.ActiveCfg = Release|Any CPU
		{9132234C-F0A0-4C34-9F62-4E1C935D7064}.Release|Any CPU.Build.0 = Release|Any CPU
	EndGlobalSection
	GlobalSection(SolutionProperties) = preSolution
		HideSolutionNode = FALSE
	EndGlobalSection
	GlobalSection(ExtensibilityGlobals) = postSolution
		SolutionGuid = {B8AB0C43-EA81-437A-BF9F-FFBCBE9D4A88}
	EndGlobalSection
EndGlobal
